
Microsoft Visual Studio Solution File, Format Version 12.00
# Visual Studio Version 16
VisualStudioVersion = 16.0.30907.101
MinimumVisualStudioVersion = 10.0.40219.1
Project("{FAE04EC0-301F-11D3-BF4B-00C04F79EFBC}") = "TestingSerial", "TestingSerial\TestingSerial.csproj", "{328E4B8F-20AB-4783-AF90-52499294AF4A}"
EndProject
Global
	GlobalSection(SolutionConfigurationPlatforms) = preSolution
		Debug|Any CPU = Debug|Any CPU
		Release|Any CPU = Release|Any CPU
	EndGlobalSection
	GlobalSection(ProjectConfigurationPlatforms) = postSolution
		{328E4B8F-20AB-4783-AF90-52499294AF4A}.Debug|Any CPU.ActiveCfg = Debug|Any CPU
		{328E4B8F-20AB-4783-AF90-52499294AF4A}.Debug|Any CPU.Build.0 = Debug|Any CPU
		{328E4B8F-20AB-4783-AF90-52499294AF4A}.Release|Any CPU.ActiveCfg = Release|Any CPU
		{328E4B8F-20AB-4783-AF90-52499294AF4A}.Release|Any CPU.Build.0 = Release|Any CPU
	EndGlobalSection
	GlobalSection(SolutionProperties) = preSolution
		HideSolutionNode = FALSE
	EndGlobalSection
	GlobalSection(ExtensibilityGlobals) = postSolution
		SolutionGuid = {B800A95E-BE09-4E05-AC23-598E164E0E5C}
	EndGlobalSection
EndGlobal
